
Microsoft Visual Studio Solution File, Format Version 12.00
# Visual Studio Version 17
VisualStudioVersion = 17.6.33815.320
MinimumVisualStudioVersion = 10.0.40219.1
Project("{2150E333-8FDC-42A3-9474-1A3956D46DE8}") = "Presentation", "Presentation", "{DEC1307A-81F6-4E0D-912F-F38A733DD48E}"
EndProject
Project("{9A19103F-16F7-4668-BE54-9A1E7A4F7556}") = "Shift_System.WebAPI", "Shift_System.WebAPI\Shift_System.WebAPI.csproj", "{B6267869-F9AD-45A4-B031-1957CFD0EA6F}"
EndProject
Project("{2150E333-8FDC-42A3-9474-1A3956D46DE8}") = "Shared", "Shared", "{A5D44609-1BE0-4D6E-A1EF-62734595DB34}"
EndProject
Project("{9A19103F-16F7-4668-BE54-9A1E7A4F7556}") = "Shift_System.Shared", "Shift_System.Shared\Shift_System.Shared.csproj", "{BBF30396-FA8C-4112-901C-D51F08196694}"
EndProject
Project("{2150E333-8FDC-42A3-9474-1A3956D46DE8}") = "Core", "Core", "{F19F928E-F940-4131-AE4C-E006DC4F1D4A}"
EndProject
Project("{9A19103F-16F7-4668-BE54-9A1E7A4F7556}") = "Shift_System.Application", "Shift_System.Application\Shift_System.Application.csproj", "{B27797ED-8F16-4F62-83AB-3B7F81ABB8AA}"
EndProject
Project("{9A19103F-16F7-4668-BE54-9A1E7A4F7556}") = "Shift_System.Domain", "Shift_System.Domain\Shift_System.Domain.csproj", "{887048FD-D8FF-4D88-9A70-FBC048C54C6D}"
EndProject
Project("{2150E333-8FDC-42A3-9474-1A3956D46DE8}") = "Infrastructure", "Infrastructure", "{1405BEA4-520F-40CB-825E-09E04410FB5E}"
EndProject
Project("{9A19103F-16F7-4668-BE54-9A1E7A4F7556}") = "Shift_System.Infrastructure", "Shift_System.Infrastructure\Shift_System.Infrastructure.csproj", "{E8D6C86E-421A-44F6-820B-569FE0107FDA}"
EndProject
Project("{9A19103F-16F7-4668-BE54-9A1E7A4F7556}") = "Shift_System.Persistence", "Shift_System.Persistence\Shift_System.Persistence.csproj", "{FA2C6C10-361C-4150-8946-4CDD14F27FD1}"
EndProject
Project("{2150E333-8FDC-42A3-9474-1A3956D46DE8}") = "Solution Items", "Solution Items", "{27C8CA46-0B8C-4858-A9BD-803266D4F4E1}"
	ProjectSection(SolutionItems) = preProject
		global.json = global.json
	EndProjectSection
EndProject
Project("{9A19103F-16F7-4668-BE54-9A1E7A4F7556}") = "Telerik_UI", "Telerik_UI\Telerik_UI.csproj", "{1FE37142-7F6B-47CA-BBF2-5F46A4186B61}"
EndProject
Project("{9A19103F-16F7-4668-BE54-9A1E7A4F7556}") = "MicroServices.WebAPI", "MicroServices.WebAPI\MicroServices.WebAPI.csproj", "{3336FC15-0A58-4141-AC33-922E3C85A011}"
EndProject
Project("{9A19103F-16F7-4668-BE54-9A1E7A4F7556}") = "Micro.Products.API", "Micro.Products.API\Micro.Products.API.csproj", "{7A588033-9FC9-4E1B-8BF6-FA823ED46AEF}"
EndProject
Project("{FAE04EC0-301F-11D3-BF4B-00C04F79EFBC}") = "Micro.Shifts.API", "Micro.Shifts.API\Micro.Shifts.API.csproj", "{6A988BCF-476E-4BF8-8117-500AE6988444}"
EndProject
Project("{FAE04EC0-301F-11D3-BF4B-00C04F79EFBC}") = "Micro.Teams.API", "Micro.Teams.API\Micro.Teams.API.csproj", "{496163BC-CD0E-4E4E-BECE-8933E114BEF6}"
EndProject
Project("{FAE04EC0-301F-11D3-BF4B-00C04F79EFBC}") = "Micro.Assignments.API", "Micro.Assignments.API\Micro.Assignments.API.csproj", "{FDF35726-D6E9-448D-B7A7-EBDE4DC60357}"
EndProject
Project("{FAE04EC0-301F-11D3-BF4B-00C04F79EFBC}") = "Micro.Employees.API", "Micro.Employees.API\Micro.Employees.API.csproj", "{16BB9151-EF4E-4D13-A84A-123D5483F560}"
EndProject
Project("{FAE04EC0-301F-11D3-BF4B-00C04F79EFBC}") = "Micro.Teams_Employees.API", "Micro.Teams_Employees.API\Micro.Teams_Employees.API.csproj", "{F4A5C110-9FEA-4525-A941-B70A257E9A03}"
EndProject
Global
	GlobalSection(SolutionConfigurationPlatforms) = preSolution
		Debug|Any CPU = Debug|Any CPU
		Release|Any CPU = Release|Any CPU
	EndGlobalSection
	GlobalSection(ProjectConfigurationPlatforms) = postSolution
		{B6267869-F9AD-45A4-B031-1957CFD0EA6F}.Debug|Any CPU.ActiveCfg = Debug|Any CPU
		{B6267869-F9AD-45A4-B031-1957CFD0EA6F}.Debug|Any CPU.Build.0 = Debug|Any CPU
		{B6267869-F9AD-45A4-B031-1957CFD0EA6F}.Release|Any CPU.ActiveCfg = Release|Any CPU
		{B6267869-F9AD-45A4-B031-1957CFD0EA6F}.Release|Any CPU.Build.0 = Release|Any CPU
		{BBF30396-FA8C-4112-901C-D51F08196694}.Debug|Any CPU.ActiveCfg = Debug|Any CPU
		{BBF30396-FA8C-4112-901C-D51F08196694}.Debug|Any CPU.Build.0 = Debug|Any CPU
		{BBF30396-FA8C-4112-901C-D51F08196694}.Release|Any CPU.ActiveCfg = Release|Any CPU
		{BBF30396-FA8C-4112-901C-D51F08196694}.Release|Any CPU.Build.0 = Release|Any CPU
		{B27797ED-8F16-4F62-83AB-3B7F81ABB8AA}.Debug|Any CPU.ActiveCfg = Debug|Any CPU
		{B27797ED-8F16-4F62-83AB-3B7F81ABB8AA}.Debug|Any CPU.Build.0 = Debug|Any CPU
		{B27797ED-8F16-4F62-83AB-3B7F81ABB8AA}.Release|Any CPU.ActiveCfg = Release|Any CPU
		{B27797ED-8F16-4F62-83AB-3B7F81ABB8AA}.Release|Any CPU.Build.0 = Release|Any CPU
		{887048FD-D8FF-4D88-9A70-FBC048C54C6D}.Debug|Any CPU.ActiveCfg = Debug|Any CPU
		{887048FD-D8FF-4D88-9A70-FBC048C54C6D}.Debug|Any CPU.Build.0 = Debug|Any CPU
		{887048FD-D8FF-4D88-9A70-FBC048C54C6D}.Release|Any CPU.ActiveCfg = Release|Any CPU
		{887048FD-D8FF-4D88-9A70-FBC048C54C6D}.Release|Any CPU.Build.0 = Release|Any CPU
		{E8D6C86E-421A-44F6-820B-569FE0107FDA}.Debug|Any CPU.ActiveCfg = Debug|Any CPU
		{E8D6C86E-421A-44F6-820B-569FE0107FDA}.Debug|Any CPU.Build.0 = Debug|Any CPU
		{E8D6C86E-421A-44F6-820B-569FE0107FDA}.Release|Any CPU.ActiveCfg = Release|Any CPU
		{E8D6C86E-421A-44F6-820B-569FE0107FDA}.Release|Any CPU.Build.0 = Release|Any CPU
		{FA2C6C10-361C-4150-8946-4CDD14F27FD1}.Debug|Any CPU.ActiveCfg = Debug|Any CPU
		{FA2C6C10-361C-4150-8946-4CDD14F27FD1}.Debug|Any CPU.Build.0 = Debug|Any CPU
		{FA2C6C10-361C-4150-8946-4CDD14F27FD1}.Release|Any CPU.ActiveCfg = Release|Any CPU
		{FA2C6C10-361C-4150-8946-4CDD14F27FD1}.Release|Any CPU.Build.0 = Release|Any CPU
		{1FE37142-7F6B-47CA-BBF2-5F46A4186B61}.Debug|Any CPU.ActiveCfg = Debug|Any CPU
		{1FE37142-7F6B-47CA-BBF2-5F46A4186B61}.Debug|Any CPU.Build.0 = Debug|Any CPU
		{1FE37142-7F6B-47CA-BBF2-5F46A4186B61}.Release|Any CPU.ActiveCfg = Release|Any CPU
		{1FE37142-7F6B-47CA-BBF2-5F46A4186B61}.Release|Any CPU.Build.0 = Release|Any CPU
		{3336FC15-0A58-4141-AC33-922E3C85A011}.Debug|Any CPU.ActiveCfg = Debug|Any CPU
		{3336FC15-0A58-4141-AC33-922E3C85A011}.Debug|Any CPU.Build.0 = Debug|Any CPU
		{3336FC15-0A58-4141-AC33-922E3C85A011}.Release|Any CPU.ActiveCfg = Release|Any CPU
		{3336FC15-0A58-4141-AC33-922E3C85A011}.Release|Any CPU.Build.0 = Release|Any CPU
		{7A588033-9FC9-4E1B-8BF6-FA823ED46AEF}.Debug|Any CPU.ActiveCfg = Debug|Any CPU
		{7A588033-9FC9-4E1B-8BF6-FA823ED46AEF}.Debug|Any CPU.Build.0 = Debug|Any CPU
		{7A588033-9FC9-4E1B-8BF6-FA823ED46AEF}.Release|Any CPU.ActiveCfg = Release|Any CPU
		{7A588033-9FC9-4E1B-8BF6-FA823ED46AEF}.Release|Any CPU.Build.0 = Release|Any CPU
		{6A988BCF-476E-4BF8-8117-500AE6988444}.Debug|Any CPU.ActiveCfg = Debug|Any CPU
		{6A988BCF-476E-4BF8-8117-500AE6988444}.Debug|Any CPU.Build.0 = Debug|Any CPU
		{6A988BCF-476E-4BF8-8117-500AE6988444}.Release|Any CPU.ActiveCfg = Release|Any CPU
		{6A988BCF-476E-4BF8-8117-500AE6988444}.Release|Any CPU.Build.0 = Release|Any CPU
		{496163BC-CD0E-4E4E-BECE-8933E114BEF6}.Debug|Any CPU.ActiveCfg = Debug|Any CPU
		{496163BC-CD0E-4E4E-BECE-8933E114BEF6}.Debug|Any CPU.Build.0 = Debug|Any CPU
		{496163BC-CD0E-4E4E-BECE-8933E114BEF6}.Release|Any CPU.ActiveCfg = Release|Any CPU
		{496163BC-CD0E-4E4E-BECE-8933E114BEF6}.Release|Any CPU.Build.0 = Release|Any CPU
		{FDF35726-D6E9-448D-B7A7-EBDE4DC60357}.Debug|Any CPU.ActiveCfg = Debug|Any CPU
		{FDF35726-D6E9-448D-B7A7-EBDE4DC60357}.Debug|Any CPU.Build.0 = Debug|Any CPU
		{FDF35726-D6E9-448D-B7A7-EBDE4DC60357}.Release|Any CPU.ActiveCfg = Release|Any CPU
		{FDF35726-D6E9-448D-B7A7-EBDE4DC60357}.Release|Any CPU.Build.0 = Release|Any CPU
		{16BB9151-EF4E-4D13-A84A-123D5483F560}.Debug|Any CPU.ActiveCfg = Debug|Any CPU
		{16BB9151-EF4E-4D13-A84A-123D5483F560}.Debug|Any CPU.Build.0 = Debug|Any CPU
		{16BB9151-EF4E-4D13-A84A-123D5483F560}.Release|Any CPU.ActiveCfg = Release|Any CPU
		{16BB9151-EF4E-4D13-A84A-123D5483F560}.Release|Any CPU.Build.0 = Release|Any CPU
		{F4A5C110-9FEA-4525-A941-B70A257E9A03}.Debug|Any CPU.ActiveCfg = Debug|Any CPU
		{F4A5C110-9FEA-4525-A941-B70A257E9A03}.Debug|Any CPU.Build.0 = Debug|Any CPU
		{F4A5C110-9FEA-4525-A941-B70A257E9A03}.Release|Any CPU.ActiveCfg = Release|Any CPU
		{F4A5C110-9FEA-4525-A941-B70A257E9A03}.Release|Any CPU.Build.0 = Release|Any CPU
	EndGlobalSection
	GlobalSection(SolutionProperties) = preSolution
		HideSolutionNode = FALSE
	EndGlobalSection
	GlobalSection(NestedProjects) = preSolution
		{B6267869-F9AD-45A4-B031-1957CFD0EA6F} = {DEC1307A-81F6-4E0D-912F-F38A733DD48E}
		{BBF30396-FA8C-4112-901C-D51F08196694} = {A5D44609-1BE0-4D6E-A1EF-62734595DB34}
		{B27797ED-8F16-4F62-83AB-3B7F81ABB8AA} = {F19F928E-F940-4131-AE4C-E006DC4F1D4A}
		{887048FD-D8FF-4D88-9A70-FBC048C54C6D} = {F19F928E-F940-4131-AE4C-E006DC4F1D4A}
		{E8D6C86E-421A-44F6-820B-569FE0107FDA} = {1405BEA4-520F-40CB-825E-09E04410FB5E}
		{FA2C6C10-361C-4150-8946-4CDD14F27FD1} = {1405BEA4-520F-40CB-825E-09E04410FB5E}
		{27C8CA46-0B8C-4858-A9BD-803266D4F4E1} = {DEC1307A-81F6-4E0D-912F-F38A733DD48E}
		{1FE37142-7F6B-47CA-BBF2-5F46A4186B61} = {27C8CA46-0B8C-4858-A9BD-803266D4F4E1}
		{3336FC15-0A58-4141-AC33-922E3C85A011} = {DEC1307A-81F6-4E0D-912F-F38A733DD48E}
		{7A588033-9FC9-4E1B-8BF6-FA823ED46AEF} = {DEC1307A-81F6-4E0D-912F-F38A733DD48E}
		{6A988BCF-476E-4BF8-8117-500AE6988444} = {DEC1307A-81F6-4E0D-912F-F38A733DD48E}
		{496163BC-CD0E-4E4E-BECE-8933E114BEF6} = {DEC1307A-81F6-4E0D-912F-F38A733DD48E}
		{FDF35726-D6E9-448D-B7A7-EBDE4DC60357} = {DEC1307A-81F6-4E0D-912F-F38A733DD48E}
		{16BB9151-EF4E-4D13-A84A-123D5483F560} = {DEC1307A-81F6-4E0D-912F-F38A733DD48E}
		{F4A5C110-9FEA-4525-A941-B70A257E9A03} = {DEC1307A-81F6-4E0D-912F-F38A733DD48E}
	EndGlobalSection
	GlobalSection(ExtensibilityGlobals) = postSolution
		SolutionGuid = {5C098573-28C1-41A3-A6FC-A16A8AFDF33A}
	EndGlobalSection
EndGlobal
