
Microsoft Visual Studio Solution File, Format Version 12.00
# Visual Studio Version 17
VisualStudioVersion = 17.6.33815.320
MinimumVisualStudioVersion = 10.0.40219.1
Project("{2150E333-8FDC-42A3-9474-1A3956D46DE8}") = "Presentation", "Presentation", "{DEC1307A-81F6-4E0D-912F-F38A733DD48E}"
EndProject
Project("{9A19103F-16F7-4668-BE54-9A1E7A4F7556}") = "Shift_System.WebAPI", "Shift_System.WebAPI\Shift_System.WebAPI.csproj", "{B6267869-F9AD-45A4-B031-1957CFD0EA6F}"
EndProject
Project("{2150E333-8FDC-42A3-9474-1A3956D46DE8}") = "Shared", "Shared", "{A5D44609-1BE0-4D6E-A1EF-62734595DB34}"
EndProject
Project("{9A19103F-16F7-4668-BE54-9A1E7A4F7556}") = "Shift_System.Shared", "Shift_System.Shared\Shift_System.Shared.csproj", "{BBF30396-FA8C-4112-901C-D51F08196694}"
EndProject
Project("{2150E333-8FDC-42A3-9474-1A3956D46DE8}") = "Core", "Core", "{F19F928E-F940-4131-AE4C-E006DC4F1D4A}"
EndProject
Project("{9A19103F-16F7-4668-BE54-9A1E7A4F7556}") = "Shift_System.Application", "Shift_System.Application\Shift_System.Application.csproj", "{B27797ED-8F16-4F62-83AB-3B7F81ABB8AA}"
EndProject
Project("{9A19103F-16F7-4668-BE54-9A1E7A4F7556}") = "Shift_System.Domain", "Shift_System.Domain\Shift_System.Domain.csproj", "{887048FD-D8FF-4D88-9A70-FBC048C54C6D}"
EndProject
Project("{2150E333-8FDC-42A3-9474-1A3956D46DE8}") = "Infrastructure", "Infrastructure", "{1405BEA4-520F-40CB-825E-09E04410FB5E}"
EndProject
Project("{9A19103F-16F7-4668-BE54-9A1E7A4F7556}") = "Shift_System.Infrastructure", "Shift_System.Infrastructure\Shift_System.Infrastructure.csproj", "{E8D6C86E-421A-44F6-820B-569FE0107FDA}"
EndProject
Project("{9A19103F-16F7-4668-BE54-9A1E7A4F7556}") = "Shift_System.Persistence", "Shift_System.Persistence\Shift_System.Persistence.csproj", "{FA2C6C10-361C-4150-8946-4CDD14F27FD1}"
EndProject
Project("{9A19103F-16F7-4668-BE54-9A1E7A4F7556}") = "MicroServices.WebAPI", "MicroServices.WebAPI\MicroServices.WebAPI.csproj", "{3336FC15-0A58-4141-AC33-922E3C85A011}"
EndProject
Project("{9A19103F-16F7-4668-BE54-9A1E7A4F7556}") = "Micro.Teams.API", "Micro.Teams.API\Micro.Teams.API.csproj", "{496163BC-CD0E-4E4E-BECE-8933E114BEF6}"
EndProject
Project("{9A19103F-16F7-4668-BE54-9A1E7A4F7556}") = "Shift_System_UI", "Shift_System_UI\Shift_System_UI.csproj", "{BAA2A626-F3E4-45D9-8724-65D66884DC8F}"
EndProject
Project("{2150E333-8FDC-42A3-9474-1A3956D46DE8}") = "APIHelper", "APIHelper", "{5404E2FC-9311-4139-A4D0-CA54A902E5C4}"
	ProjectSection(SolutionItems) = preProject
		TextFile1.txt = TextFile1.txt
	EndProjectSection
EndProject
Project("{2150E333-8FDC-42A3-9474-1A3956D46DE8}") = "WebHelper", "WebHelper", "{D2A0E552-8B14-4ECC-9ADA-6B90C05D5D22}"
	ProjectSection(SolutionItems) = preProject
		Not1.txt = Not1.txt
		Not2.txt = Not2.txt
		Not3.txt = Not3.txt
		TextFile2.txt = TextFile2.txt
	EndProjectSection
EndProject
Global
	GlobalSection(SolutionConfigurationPlatforms) = preSolution
		Debug|Any CPU = Debug|Any CPU
		Release|Any CPU = Release|Any CPU
	EndGlobalSection
	GlobalSection(ProjectConfigurationPlatforms) = postSolution
		{B6267869-F9AD-45A4-B031-1957CFD0EA6F}.Debug|Any CPU.ActiveCfg = Debug|Any CPU
		{B6267869-F9AD-45A4-B031-1957CFD0EA6F}.Debug|Any CPU.Build.0 = Debug|Any CPU
		{B6267869-F9AD-45A4-B031-1957CFD0EA6F}.Release|Any CPU.ActiveCfg = Release|Any CPU
		{B6267869-F9AD-45A4-B031-1957CFD0EA6F}.Release|Any CPU.Build.0 = Release|Any CPU
		{BBF30396-FA8C-4112-901C-D51F08196694}.Debug|Any CPU.ActiveCfg = Debug|Any CPU
		{BBF30396-FA8C-4112-901C-D51F08196694}.Debug|Any CPU.Build.0 = Debug|Any CPU
		{BBF30396-FA8C-4112-901C-D51F08196694}.Release|Any CPU.ActiveCfg = Release|Any CPU
		{BBF30396-FA8C-4112-901C-D51F08196694}.Release|Any CPU.Build.0 = Release|Any CPU
		{B27797ED-8F16-4F62-83AB-3B7F81ABB8AA}.Debug|Any CPU.ActiveCfg = Debug|Any CPU
		{B27797ED-8F16-4F62-83AB-3B7F81ABB8AA}.Debug|Any CPU.Build.0 = Debug|Any CPU
		{B27797ED-8F16-4F62-83AB-3B7F81ABB8AA}.Release|Any CPU.ActiveCfg = Release|Any CPU
		{B27797ED-8F16-4F62-83AB-3B7F81ABB8AA}.Release|Any CPU.Build.0 = Release|Any CPU
		{887048FD-D8FF-4D88-9A70-FBC048C54C6D}.Debug|Any CPU.ActiveCfg = Debug|Any CPU
		{887048FD-D8FF-4D88-9A70-FBC048C54C6D}.Debug|Any CPU.Build.0 = Debug|Any CPU
		{887048FD-D8FF-4D88-9A70-FBC048C54C6D}.Release|Any CPU.ActiveCfg = Release|Any CPU
		{887048FD-D8FF-4D88-9A70-FBC048C54C6D}.Release|Any CPU.Build.0 = Release|Any CPU
		{E8D6C86E-421A-44F6-820B-569FE0107FDA}.Debug|Any CPU.ActiveCfg = Debug|Any CPU
		{E8D6C86E-421A-44F6-820B-569FE0107FDA}.Debug|Any CPU.Build.0 = Debug|Any CPU
		{E8D6C86E-421A-44F6-820B-569FE0107FDA}.Release|Any CPU.ActiveCfg = Release|Any CPU
		{E8D6C86E-421A-44F6-820B-569FE0107FDA}.Release|Any CPU.Build.0 = Release|Any CPU
		{FA2C6C10-361C-4150-8946-4CDD14F27FD1}.Debug|Any CPU.ActiveCfg = Debug|Any CPU
		{FA2C6C10-361C-4150-8946-4CDD14F27FD1}.Debug|Any CPU.Build.0 = Debug|Any CPU
		{FA2C6C10-361C-4150-8946-4CDD14F27FD1}.Release|Any CPU.ActiveCfg = Release|Any CPU
		{FA2C6C10-361C-4150-8946-4CDD14F27FD1}.Release|Any CPU.Build.0 = Release|Any CPU
		{3336FC15-0A58-4141-AC33-922E3C85A011}.Debug|Any CPU.ActiveCfg = Debug|Any CPU
		{3336FC15-0A58-4141-AC33-922E3C85A011}.Debug|Any CPU.Build.0 = Debug|Any CPU
		{3336FC15-0A58-4141-AC33-922E3C85A011}.Release|Any CPU.ActiveCfg = Release|Any CPU
		{3336FC15-0A58-4141-AC33-922E3C85A011}.Release|Any CPU.Build.0 = Release|Any CPU
		{496163BC-CD0E-4E4E-BECE-8933E114BEF6}.Debug|Any CPU.ActiveCfg = Debug|Any CPU
		{496163BC-CD0E-4E4E-BECE-8933E114BEF6}.Debug|Any CPU.Build.0 = Debug|Any CPU
		{496163BC-CD0E-4E4E-BECE-8933E114BEF6}.Release|Any CPU.ActiveCfg = Release|Any CPU
		{496163BC-CD0E-4E4E-BECE-8933E114BEF6}.Release|Any CPU.Build.0 = Release|Any CPU
		{BAA2A626-F3E4-45D9-8724-65D66884DC8F}.Debug|Any CPU.ActiveCfg = Debug|Any CPU
		{BAA2A626-F3E4-45D9-8724-65D66884DC8F}.Debug|Any CPU.Build.0 = Debug|Any CPU
		{BAA2A626-F3E4-45D9-8724-65D66884DC8F}.Release|Any CPU.ActiveCfg = Release|Any CPU
		{BAA2A626-F3E4-45D9-8724-65D66884DC8F}.Release|Any CPU.Build.0 = Release|Any CPU
	EndGlobalSection
	GlobalSection(SolutionProperties) = preSolution
		HideSolutionNode = FALSE
	EndGlobalSection
	GlobalSection(NestedProjects) = preSolution
		{B6267869-F9AD-45A4-B031-1957CFD0EA6F} = {DEC1307A-81F6-4E0D-912F-F38A733DD48E}
		{BBF30396-FA8C-4112-901C-D51F08196694} = {A5D44609-1BE0-4D6E-A1EF-62734595DB34}
		{B27797ED-8F16-4F62-83AB-3B7F81ABB8AA} = {F19F928E-F940-4131-AE4C-E006DC4F1D4A}
		{887048FD-D8FF-4D88-9A70-FBC048C54C6D} = {F19F928E-F940-4131-AE4C-E006DC4F1D4A}
		{E8D6C86E-421A-44F6-820B-569FE0107FDA} = {1405BEA4-520F-40CB-825E-09E04410FB5E}
		{FA2C6C10-361C-4150-8946-4CDD14F27FD1} = {1405BEA4-520F-40CB-825E-09E04410FB5E}
		{3336FC15-0A58-4141-AC33-922E3C85A011} = {DEC1307A-81F6-4E0D-912F-F38A733DD48E}
		{496163BC-CD0E-4E4E-BECE-8933E114BEF6} = {DEC1307A-81F6-4E0D-912F-F38A733DD48E}
		{BAA2A626-F3E4-45D9-8724-65D66884DC8F} = {DEC1307A-81F6-4E0D-912F-F38A733DD48E}
		{5404E2FC-9311-4139-A4D0-CA54A902E5C4} = {A5D44609-1BE0-4D6E-A1EF-62734595DB34}
		{D2A0E552-8B14-4ECC-9ADA-6B90C05D5D22} = {A5D44609-1BE0-4D6E-A1EF-62734595DB34}
	EndGlobalSection
	GlobalSection(ExtensibilityGlobals) = postSolution
		SolutionGuid = {5C098573-28C1-41A3-A6FC-A16A8AFDF33A}
	EndGlobalSection
EndGlobal
